
Microsoft Visual Studio Solution File, Format Version 12.00
# Visual Studio Version 16
VisualStudioVersion = 16.0.29215.179
MinimumVisualStudioVersion = 10.0.40219.1
Project("{FAE04EC0-301F-11D3-BF4B-00C04F79EFBC}") = "Parcial2Ap1", "Parcial2Ap1\Parcial2Ap1.csproj", "{98AF4D36-779B-475E-8D5E-E3E59EC95F07}"
EndProject
Global
	GlobalSection(SolutionConfigurationPlatforms) = preSolution
		Debug|Any CPU = Debug|Any CPU
		Release|Any CPU = Release|Any CPU
	EndGlobalSection
	GlobalSection(ProjectConfigurationPlatforms) = postSolution
		{98AF4D36-779B-475E-8D5E-E3E59EC95F07}.Debug|Any CPU.ActiveCfg = Debug|Any CPU
		{98AF4D36-779B-475E-8D5E-E3E59EC95F07}.Debug|Any CPU.Build.0 = Debug|Any CPU
		{98AF4D36-779B-475E-8D5E-E3E59EC95F07}.Release|Any CPU.ActiveCfg = Release|Any CPU
		{98AF4D36-779B-475E-8D5E-E3E59EC95F07}.Release|Any CPU.Build.0 = Release|Any CPU
	EndGlobalSection
	GlobalSection(SolutionProperties) = preSolution
		HideSolutionNode = FALSE
	EndGlobalSection
	GlobalSection(ExtensibilityGlobals) = postSolution
		SolutionGuid = {B0DCA1F3-2FFC-4D27-90A4-18751182D5BE}
	EndGlobalSection
EndGlobal
